
Microsoft Visual Studio Solution File, Format Version 12.00
# Visual Studio Version 17
VisualStudioVersion = 17.10.35027.167
MinimumVisualStudioVersion = 10.0.40219.1
Project("{FAE04EC0-301F-11D3-BF4B-00C04F79EFBC}") = "RolebasedAuthentication", "RolebasedAuthentication.csproj", "{4D1C0402-F872-482F-BBC9-2A697A5BD0C1}"
EndProject
Global
	GlobalSection(SolutionConfigurationPlatforms) = preSolution
		Debug|Any CPU = Debug|Any CPU
		Release|Any CPU = Release|Any CPU
	EndGlobalSection
	GlobalSection(ProjectConfigurationPlatforms) = postSolution
		{4D1C0402-F872-482F-BBC9-2A697A5BD0C1}.Debug|Any CPU.ActiveCfg = Debug|Any CPU
		{4D1C0402-F872-482F-BBC9-2A697A5BD0C1}.Debug|Any CPU.Build.0 = Debug|Any CPU
		{4D1C0402-F872-482F-BBC9-2A697A5BD0C1}.Release|Any CPU.ActiveCfg = Release|Any CPU
		{4D1C0402-F872-482F-BBC9-2A697A5BD0C1}.Release|Any CPU.Build.0 = Release|Any CPU
	EndGlobalSection
	GlobalSection(SolutionProperties) = preSolution
		HideSolutionNode = FALSE
	EndGlobalSection
	GlobalSection(ExtensibilityGlobals) = postSolution
		SolutionGuid = {6ABDF027-8527-4836-9888-9420DD46905C}
	EndGlobalSection
EndGlobal
